
Microsoft Visual Studio Solution File, Format Version 12.00
# Visual Studio Version 17
VisualStudioVersion = 17.2.32602.215
MinimumVisualStudioVersion = 10.0.40219.1
Project("{FAE04EC0-301F-11D3-BF4B-00C04F79EFBC}") = "eWallet", "eWallet.csproj", "{AAAD5112-5B57-4CC1-A5BC-164105528DBD}"
EndProject
Global
	GlobalSection(SolutionConfigurationPlatforms) = preSolution
		Debug|Any CPU = Debug|Any CPU
		Release|Any CPU = Release|Any CPU
	EndGlobalSection
	GlobalSection(ProjectConfigurationPlatforms) = postSolution
		{AAAD5112-5B57-4CC1-A5BC-164105528DBD}.Debug|Any CPU.ActiveCfg = Debug|Any CPU
		{AAAD5112-5B57-4CC1-A5BC-164105528DBD}.Debug|Any CPU.Build.0 = Debug|Any CPU
		{AAAD5112-5B57-4CC1-A5BC-164105528DBD}.Release|Any CPU.ActiveCfg = Release|Any CPU
		{AAAD5112-5B57-4CC1-A5BC-164105528DBD}.Release|Any CPU.Build.0 = Release|Any CPU
	EndGlobalSection
	GlobalSection(SolutionProperties) = preSolution
		HideSolutionNode = FALSE
	EndGlobalSection
	GlobalSection(ExtensibilityGlobals) = postSolution
		SolutionGuid = {23BFDACE-65BE-44B5-AC51-B52F2A74E1F7}
	EndGlobalSection
EndGlobal
